
Microsoft Visual Studio Solution File, Format Version 12.00
# Visual Studio Version 16
VisualStudioVersion = 16.0.30717.126
MinimumVisualStudioVersion = 10.0.40219.1
Project("{9A19103F-16F7-4668-BE54-9A1E7A4F7556}") = "CollectionMarket-API", "CollectionMarket-API\CollectionMarket-API.csproj", "{82D44BD9-6B38-4F2D-93FF-05A76B6F28AD}"
EndProject
Project("{9A19103F-16F7-4668-BE54-9A1E7A4F7556}") = "Common", "Common\Common.csproj", "{72708384-8706-4BEE-911A-675CE3217E98}"
EndProject
Project("{9A19103F-16F7-4668-BE54-9A1E7A4F7556}") = "CollectionMarket-UI", "CollectionMarket-UI\CollectionMarket-UI.csproj", "{F82E0BDE-8A33-454B-B12B-1349BCA19875}"
EndProject
Project("{FAE04EC0-301F-11D3-BF4B-00C04F79EFBC}") = "NUnitTests-API", "NUnitTests-API\NUnitTests-API.csproj", "{71D8216E-AF84-44BB-8DD1-3CA929BAA633}"
EndProject
Global
	GlobalSection(SolutionConfigurationPlatforms) = preSolution
		Debug|Any CPU = Debug|Any CPU
		Release|Any CPU = Release|Any CPU
	EndGlobalSection
	GlobalSection(ProjectConfigurationPlatforms) = postSolution
		{82D44BD9-6B38-4F2D-93FF-05A76B6F28AD}.Debug|Any CPU.ActiveCfg = Debug|Any CPU
		{82D44BD9-6B38-4F2D-93FF-05A76B6F28AD}.Debug|Any CPU.Build.0 = Debug|Any CPU
		{82D44BD9-6B38-4F2D-93FF-05A76B6F28AD}.Release|Any CPU.ActiveCfg = Release|Any CPU
		{82D44BD9-6B38-4F2D-93FF-05A76B6F28AD}.Release|Any CPU.Build.0 = Release|Any CPU
		{72708384-8706-4BEE-911A-675CE3217E98}.Debug|Any CPU.ActiveCfg = Debug|Any CPU
		{72708384-8706-4BEE-911A-675CE3217E98}.Debug|Any CPU.Build.0 = Debug|Any CPU
		{72708384-8706-4BEE-911A-675CE3217E98}.Release|Any CPU.ActiveCfg = Release|Any CPU
		{72708384-8706-4BEE-911A-675CE3217E98}.Release|Any CPU.Build.0 = Release|Any CPU
		{F82E0BDE-8A33-454B-B12B-1349BCA19875}.Debug|Any CPU.ActiveCfg = Debug|Any CPU
		{F82E0BDE-8A33-454B-B12B-1349BCA19875}.Debug|Any CPU.Build.0 = Debug|Any CPU
		{F82E0BDE-8A33-454B-B12B-1349BCA19875}.Release|Any CPU.ActiveCfg = Release|Any CPU
		{F82E0BDE-8A33-454B-B12B-1349BCA19875}.Release|Any CPU.Build.0 = Release|Any CPU
		{71D8216E-AF84-44BB-8DD1-3CA929BAA633}.Debug|Any CPU.ActiveCfg = Debug|Any CPU
		{71D8216E-AF84-44BB-8DD1-3CA929BAA633}.Debug|Any CPU.Build.0 = Debug|Any CPU
		{71D8216E-AF84-44BB-8DD1-3CA929BAA633}.Release|Any CPU.ActiveCfg = Release|Any CPU
		{71D8216E-AF84-44BB-8DD1-3CA929BAA633}.Release|Any CPU.Build.0 = Release|Any CPU
	EndGlobalSection
	GlobalSection(SolutionProperties) = preSolution
		HideSolutionNode = FALSE
	EndGlobalSection
	GlobalSection(ExtensibilityGlobals) = postSolution
		SolutionGuid = {848E0D38-D13C-4254-931F-90AE52ED99B1}
	EndGlobalSection
EndGlobal
